
Microsoft Visual Studio Solution File, Format Version 12.00
# Visual Studio Version 16
VisualStudioVersion = 16.0.31729.503
MinimumVisualStudioVersion = 10.0.40219.1
Project("{FAE04EC0-301F-11D3-BF4B-00C04F79EFBC}") = "myWallet", "myWallet\myWallet.csproj", "{7EBF51FB-7E48-4F9E-A47E-172D77038276}"
EndProject
Global
	GlobalSection(SolutionConfigurationPlatforms) = preSolution
		Debug|Any CPU = Debug|Any CPU
		Release|Any CPU = Release|Any CPU
	EndGlobalSection
	GlobalSection(ProjectConfigurationPlatforms) = postSolution
		{7EBF51FB-7E48-4F9E-A47E-172D77038276}.Debug|Any CPU.ActiveCfg = Debug|Any CPU
		{7EBF51FB-7E48-4F9E-A47E-172D77038276}.Debug|Any CPU.Build.0 = Debug|Any CPU
		{7EBF51FB-7E48-4F9E-A47E-172D77038276}.Release|Any CPU.ActiveCfg = Release|Any CPU
		{7EBF51FB-7E48-4F9E-A47E-172D77038276}.Release|Any CPU.Build.0 = Release|Any CPU
	EndGlobalSection
	GlobalSection(SolutionProperties) = preSolution
		HideSolutionNode = FALSE
	EndGlobalSection
	GlobalSection(ExtensibilityGlobals) = postSolution
		SolutionGuid = {E806E75D-DDEE-40AD-8CD5-11F1CC7C5333}
	EndGlobalSection
EndGlobal
